
Microsoft Visual Studio Solution File, Format Version 12.00
# Visual Studio Version 16
VisualStudioVersion = 16.0.31613.86
MinimumVisualStudioVersion = 10.0.40219.1
Project("{FAE04EC0-301F-11D3-BF4B-00C04F79EFBC}") = "Airport_KURS", "Airport_KURS\Airport_KURS.csproj", "{FE76331E-D9EB-4AC1-AD15-B03885A91B81}"
EndProject
Global
	GlobalSection(SolutionConfigurationPlatforms) = preSolution
		Debug|Any CPU = Debug|Any CPU
		Release|Any CPU = Release|Any CPU
	EndGlobalSection
	GlobalSection(ProjectConfigurationPlatforms) = postSolution
		{FE76331E-D9EB-4AC1-AD15-B03885A91B81}.Debug|Any CPU.ActiveCfg = Debug|Any CPU
		{FE76331E-D9EB-4AC1-AD15-B03885A91B81}.Debug|Any CPU.Build.0 = Debug|Any CPU
		{FE76331E-D9EB-4AC1-AD15-B03885A91B81}.Release|Any CPU.ActiveCfg = Release|Any CPU
		{FE76331E-D9EB-4AC1-AD15-B03885A91B81}.Release|Any CPU.Build.0 = Release|Any CPU
	EndGlobalSection
	GlobalSection(SolutionProperties) = preSolution
		HideSolutionNode = FALSE
	EndGlobalSection
	GlobalSection(ExtensibilityGlobals) = postSolution
		SolutionGuid = {61F0F6BD-7853-48ED-8BAF-6F63385A0060}
	EndGlobalSection
EndGlobal
